Microsoft Visual Studio Solution File, Format Version 12.00
# Visual Studio Version 17
VisualStudioVersion = 17.12.35521.163
MinimumVisualStudioVersion = 10.0.40219.1
Project("{2150E333-8FDC-42A3-9474-1A3956D46DE8}") = "src", "src", "{846A8161-1530-4AC7-812A-7FC1FC1BEBC3}"
EndProject
Project("{2150E333-8FDC-42A3-9474-1A3956D46DE8}") = "1.Core", "1.Core", "{495A8F72-0EE3-494C-AD78-BFC284C336AF}"
EndProject
Project("{2150E333-8FDC-42A3-9474-1A3956D46DE8}") = "2.Infra", "2.Infra", "{C02C78CE-CB26-49C3-AB71-0A4ED7C2AB3A}"
EndProject
Project("{2150E333-8FDC-42A3-9474-1A3956D46DE8}") = "3.Endpoints", "3.Endpoints", "{F096067E-3243-4778-8E32-1CD279BD0EEB}"
EndProject
Project("{2150E333-8FDC-42A3-9474-1A3956D46DE8}") = "Data", "Data", "{4980E032-F376-498D-B104-B7D799173A2A}"
EndProject
Project("{FAE04EC0-301F-11D3-BF4B-00C04F79EFBC}") = "LumaTemplate.Core.ApplicationService", "src\1.Core\ApplicationService\LumaTemplate.Core.ApplicationService.csproj", "{99644594-96A9-443E-9124-55B3AC61ECCC}"
EndProject
Project("{FAE04EC0-301F-11D3-BF4B-00C04F79EFBC}") = "LumaTemplate.Core.Contracts", "src\1.Core\Contracts\LumaTemplate.Core.Contracts.csproj", "{23997547-F46C-4FF3-8312-76F5882AF83E}"
EndProject
Project("{FAE04EC0-301F-11D3-BF4B-00C04F79EFBC}") = "LumaTemplate.Core.RequestResponse", "src\1.Core\RequestResponse\LumaTemplate.Core.RequestResponse.csproj", "{E893A6DF-E5B0-4750-A4A4-0E58FC70BF92}"
EndProject
Project("{FAE04EC0-301F-11D3-BF4B-00C04F79EFBC}") = "LumaTemplate.Core.Resources", "src\1.Core\Resources\LumaTemplate.Core.Resources.csproj", "{2D460CBA-E978-4BDA-97AB-1EBBCC4F422B}"
EndProject
Project("{FAE04EC0-301F-11D3-BF4B-00C04F79EFBC}") = "LumaTemplate.Infra.Data.Sql.Commands", "src\2.Infra\Data\Sql.Commands\LumaTemplate.Infra.Data.Sql.Commands.csproj", "{39923DEE-29D9-4917-9559-80598C1F4406}"
EndProject
Project("{FAE04EC0-301F-11D3-BF4B-00C04F79EFBC}") = "LumaTemplate.Infra.Data.Sql.Queries", "src\2.Infra\Data\Sql.Queries\LumaTemplate.Infra.Data.Sql.Queries.csproj", "{BD5DA567-D677-4A95-AF0F-64828269D048}"
EndProject
Project("{FAE04EC0-301F-11D3-BF4B-00C04F79EFBC}") = "LumaTemplate.Endpoints.API", "src\3.Endpoints\API\LumaTemplate.Endpoints.API.csproj", "{1313E773-DA4D-4D95-B4F7-6DDAEE48153F}"
EndProject
Project("{FAE04EC0-301F-11D3-BF4B-00C04F79EFBC}") = "LumaTemplate.Core.DomainService", "src\1.Core\DomainService\LumaTemplate.Core.DomainService.csproj", "{C5D6FA35-945E-49C0-903D-9ECE1E630F35}"
EndProject
Project("{FAE04EC0-301F-11D3-BF4B-00C04F79EFBC}") = "LumaTemplate.Core.Domain", "src\1.Core\Domain\LumaTemplate.Core.Domain.csproj", "{97CCD2ED-690D-492E-87F2-8F63AC335E41}"
EndProject
Global
	GlobalSection(SolutionConfigurationPlatforms) = preSolution
		Debug|Any CPU = Debug|Any CPU
		Release|Any CPU = Release|Any CPU
	EndGlobalSection
	GlobalSection(ProjectConfigurationPlatforms) = postSolution
		{99644594-96A9-443E-9124-55B3AC61ECCC}.Debug|Any CPU.ActiveCfg = Debug|Any CPU
		{99644594-96A9-443E-9124-55B3AC61ECCC}.Debug|Any CPU.Build.0 = Debug|Any CPU
		{99644594-96A9-443E-9124-55B3AC61ECCC}.Release|Any CPU.ActiveCfg = Release|Any CPU
		{99644594-96A9-443E-9124-55B3AC61ECCC}.Release|Any CPU.Build.0 = Release|Any CPU
		{23997547-F46C-4FF3-8312-76F5882AF83E}.Debug|Any CPU.ActiveCfg = Debug|Any CPU
		{23997547-F46C-4FF3-8312-76F5882AF83E}.Debug|Any CPU.Build.0 = Debug|Any CPU
		{23997547-F46C-4FF3-8312-76F5882AF83E}.Release|Any CPU.ActiveCfg = Release|Any CPU
		{23997547-F46C-4FF3-8312-76F5882AF83E}.Release|Any CPU.Build.0 = Release|Any CPU
		{E893A6DF-E5B0-4750-A4A4-0E58FC70BF92}.Debug|Any CPU.ActiveCfg = Debug|Any CPU
		{E893A6DF-E5B0-4750-A4A4-0E58FC70BF92}.Debug|Any CPU.Build.0 = Debug|Any CPU
		{E893A6DF-E5B0-4750-A4A4-0E58FC70BF92}.Release|Any CPU.ActiveCfg = Release|Any CPU
		{E893A6DF-E5B0-4750-A4A4-0E58FC70BF92}.Release|Any CPU.Build.0 = Release|Any CPU
		{2D460CBA-E978-4BDA-97AB-1EBBCC4F422B}.Debug|Any CPU.ActiveCfg = Debug|Any CPU
		{2D460CBA-E978-4BDA-97AB-1EBBCC4F422B}.Debug|Any CPU.Build.0 = Debug|Any CPU
		{2D460CBA-E978-4BDA-97AB-1EBBCC4F422B}.Release|Any CPU.ActiveCfg = Release|Any CPU
		{2D460CBA-E978-4BDA-97AB-1EBBCC4F422B}.Release|Any CPU.Build.0 = Release|Any CPU
		{39923DEE-29D9-4917-9559-80598C1F4406}.Debug|Any CPU.ActiveCfg = Debug|Any CPU
		{39923DEE-29D9-4917-9559-80598C1F4406}.Debug|Any CPU.Build.0 = Debug|Any CPU
		{39923DEE-29D9-4917-9559-80598C1F4406}.Release|Any CPU.ActiveCfg = Release|Any CPU
		{39923DEE-29D9-4917-9559-80598C1F4406}.Release|Any CPU.Build.0 = Release|Any CPU
		{BD5DA567-D677-4A95-AF0F-64828269D048}.Debug|Any CPU.ActiveCfg = Debug|Any CPU
		{BD5DA567-D677-4A95-AF0F-64828269D048}.Debug|Any CPU.Build.0 = Debug|Any CPU
		{BD5DA567-D677-4A95-AF0F-64828269D048}.Release|Any CPU.ActiveCfg = Release|Any CPU
		{BD5DA567-D677-4A95-AF0F-64828269D048}.Release|Any CPU.Build.0 = Release|Any CPU
		{1313E773-DA4D-4D95-B4F7-6DDAEE48153F}.Debug|Any CPU.ActiveCfg = Debug|Any CPU
		{1313E773-DA4D-4D95-B4F7-6DDAEE48153F}.Debug|Any CPU.Build.0 = Debug|Any CPU
		{1313E773-DA4D-4D95-B4F7-6DDAEE48153F}.Release|Any CPU.ActiveCfg = Release|Any CPU
		{1313E773-DA4D-4D95-B4F7-6DDAEE48153F}.Release|Any CPU.Build.0 = Release|Any CPU
		{C5D6FA35-945E-49C0-903D-9ECE1E630F35}.Debug|Any CPU.ActiveCfg = Debug|Any CPU
		{C5D6FA35-945E-49C0-903D-9ECE1E630F35}.Debug|Any CPU.Build.0 = Debug|Any CPU
		{C5D6FA35-945E-49C0-903D-9ECE1E630F35}.Release|Any CPU.ActiveCfg = Release|Any CPU
		{C5D6FA35-945E-49C0-903D-9ECE1E630F35}.Release|Any CPU.Build.0 = Release|Any CPU
		{97CCD2ED-690D-492E-87F2-8F63AC335E41}.Debug|Any CPU.ActiveCfg = Debug|Any CPU
		{97CCD2ED-690D-492E-87F2-8F63AC335E41}.Debug|Any CPU.Build.0 = Debug|Any CPU
		{97CCD2ED-690D-492E-87F2-8F63AC335E41}.Release|Any CPU.ActiveCfg = Release|Any CPU
		{97CCD2ED-690D-492E-87F2-8F63AC335E41}.Release|Any CPU.Build.0 = Release|Any CPU
	EndGlobalSection
	GlobalSection(SolutionProperties) = preSolution
		HideSolutionNode = FALSE
	EndGlobalSection
	GlobalSection(NestedProjects) = preSolution
		{495A8F72-0EE3-494C-AD78-BFC284C336AF} = {846A8161-1530-4AC7-812A-7FC1FC1BEBC3}
		{C02C78CE-CB26-49C3-AB71-0A4ED7C2AB3A} = {846A8161-1530-4AC7-812A-7FC1FC1BEBC3}
		{F096067E-3243-4778-8E32-1CD279BD0EEB} = {846A8161-1530-4AC7-812A-7FC1FC1BEBC3}
		{4980E032-F376-498D-B104-B7D799173A2A} = {C02C78CE-CB26-49C3-AB71-0A4ED7C2AB3A}
		{99644594-96A9-443E-9124-55B3AC61ECCC} = {495A8F72-0EE3-494C-AD78-BFC284C336AF}
		{23997547-F46C-4FF3-8312-76F5882AF83E} = {495A8F72-0EE3-494C-AD78-BFC284C336AF}
		{E893A6DF-E5B0-4750-A4A4-0E58FC70BF92} = {495A8F72-0EE3-494C-AD78-BFC284C336AF}
		{2D460CBA-E978-4BDA-97AB-1EBBCC4F422B} = {495A8F72-0EE3-494C-AD78-BFC284C336AF}
		{39923DEE-29D9-4917-9559-80598C1F4406} = {4980E032-F376-498D-B104-B7D799173A2A}
		{BD5DA567-D677-4A95-AF0F-64828269D048} = {4980E032-F376-498D-B104-B7D799173A2A}
		{1313E773-DA4D-4D95-B4F7-6DDAEE48153F} = {F096067E-3243-4778-8E32-1CD279BD0EEB}
		{C5D6FA35-945E-49C0-903D-9ECE1E630F35} = {495A8F72-0EE3-494C-AD78-BFC284C336AF}
		{97CCD2ED-690D-492E-87F2-8F63AC335E41} = {495A8F72-0EE3-494C-AD78-BFC284C336AF}
	EndGlobalSection
EndGlobal
